
Microsoft Visual Studio Solution File, Format Version 12.00
# Visual Studio 15
VisualStudioVersion = 15.0.28307.902
MinimumVisualStudioVersion = 10.0.40219.1
Project("{E24C65DC-7377-472B-9ABA-BC803B73C61A}") = "file1", "file1\", "{C7E3CB75-86FD-4F63-9495-F61B20BB635D}"
	ProjectSection(WebsiteProperties) = preProject
		TargetFrameworkMoniker = ".NETFramework,Version%3Dv4.6.1"
		Debug.AspNetCompiler.VirtualPath = "/localhost_53247"
		Debug.AspNetCompiler.PhysicalPath = "file1\"
		Debug.AspNetCompiler.TargetPath = "PrecompiledWeb\localhost_53247\"
		Debug.AspNetCompiler.Updateable = "true"
		Debug.AspNetCompiler.ForceOverwrite = "true"
		Debug.AspNetCompiler.FixedNames = "false"
		Debug.AspNetCompiler.Debug = "True"
		Release.AspNetCompiler.VirtualPath = "/localhost_53247"
		Release.AspNetCompiler.PhysicalPath = "file1\"
		Release.AspNetCompiler.TargetPath = "PrecompiledWeb\localhost_53247\"
		Release.AspNetCompiler.Updateable = "true"
		Release.AspNetCompiler.ForceOverwrite = "true"
		Release.AspNetCompiler.FixedNames = "false"
		Release.AspNetCompiler.Debug = "False"
		VWDPort = "53247"
		SlnRelativePath = "file1\"
		DefaultWebSiteLanguage = "Visual C#"
	EndProjectSection
EndProject
Global
	GlobalSection(SolutionConfigurationPlatforms) = preSolution
		Debug|Any CPU = Debug|Any CPU
	EndGlobalSection
	GlobalSection(ProjectConfigurationPlatforms) = postSolution
		{C7E3CB75-86FD-4F63-9495-F61B20BB635D}.Debug|Any CPU.ActiveCfg = Debug|Any CPU
		{C7E3CB75-86FD-4F63-9495-F61B20BB635D}.Debug|Any CPU.Build.0 = Debug|Any CPU
	EndGlobalSection
	GlobalSection(SolutionProperties) = preSolution
		HideSolutionNode = FALSE
	EndGlobalSection
	GlobalSection(ExtensibilityGlobals) = postSolution
		SolutionGuid = {BDA775DC-572B-47D9-A080-F619945A50B1}
	EndGlobalSection
EndGlobal
