
Microsoft Visual Studio Solution File, Format Version 12.00
# Visual Studio 15
VisualStudioVersion = 15.0.28307.902
MinimumVisualStudioVersion = 10.0.40219.1
Project("{FAE04EC0-301F-11D3-BF4B-00C04F79EFBC}") = "WpfApp1", "WpfApp1\WpfApp1.csproj", "{700EB237-C8F0-4C53-ACC7-818E9363F797}"
EndProject
Project("{2150E333-8FDC-42A3-9474-1A3956D46DE8}") = "Solution Items", "Solution Items", "{D4D973E9-C3D2-4A72-B2DF-630129145E71}"
	ProjectSection(SolutionItems) = preProject
		TextFile1.txt = TextFile1.txt
	EndProjectSection
EndProject
Global
	GlobalSection(SolutionConfigurationPlatforms) = preSolution
		Debug|Any CPU = Debug|Any CPU
		Release|Any CPU = Release|Any CPU
	EndGlobalSection
	GlobalSection(ProjectConfigurationPlatforms) = postSolution
		{700EB237-C8F0-4C53-ACC7-818E9363F797}.Debug|Any CPU.ActiveCfg = Debug|Any CPU
		{700EB237-C8F0-4C53-ACC7-818E9363F797}.Debug|Any CPU.Build.0 = Debug|Any CPU
		{700EB237-C8F0-4C53-ACC7-818E9363F797}.Release|Any CPU.ActiveCfg = Release|Any CPU
		{700EB237-C8F0-4C53-ACC7-818E9363F797}.Release|Any CPU.Build.0 = Release|Any CPU
	EndGlobalSection
	GlobalSection(SolutionProperties) = preSolution
		HideSolutionNode = FALSE
	EndGlobalSection
	GlobalSection(ExtensibilityGlobals) = postSolution
		SolutionGuid = {37B9F751-EB0B-4697-AF5B-A014E048273F}
	EndGlobalSection
EndGlobal
