
Microsoft Visual Studio Solution File, Format Version 12.00
# Visual Studio 15
VisualStudioVersion = 15.0.28307.902
MinimumVisualStudioVersion = 10.0.40219.1
Project("{FAE04EC0-301F-11D3-BF4B-00C04F79EFBC}") = "file4", "file4\file4.csproj", "{75CA97F5-2922-4B7B-8B09-25E9FD2B5AFE}"
EndProject
Global
	GlobalSection(SolutionConfigurationPlatforms) = preSolution
		Debug|Any CPU = Debug|Any CPU
		Release|Any CPU = Release|Any CPU
	EndGlobalSection
	GlobalSection(ProjectConfigurationPlatforms) = postSolution
		{75CA97F5-2922-4B7B-8B09-25E9FD2B5AFE}.Debug|Any CPU.ActiveCfg = Debug|Any CPU
		{75CA97F5-2922-4B7B-8B09-25E9FD2B5AFE}.Debug|Any CPU.Build.0 = Debug|Any CPU
		{75CA97F5-2922-4B7B-8B09-25E9FD2B5AFE}.Release|Any CPU.ActiveCfg = Release|Any CPU
		{75CA97F5-2922-4B7B-8B09-25E9FD2B5AFE}.Release|Any CPU.Build.0 = Release|Any CPU
	EndGlobalSection
	GlobalSection(SolutionProperties) = preSolution
		HideSolutionNode = FALSE
	EndGlobalSection
	GlobalSection(ExtensibilityGlobals) = postSolution
		SolutionGuid = {592AC0EF-171E-4623-A1C0-6A49E86CD8F5}
	EndGlobalSection
EndGlobal
